
Microsoft Visual Studio Solution File, Format Version 12.00
# Visual Studio 2012
Project("{FAE04EC0-301F-11D3-BF4B-00C04F79EFBC}") = "SocketLib", "SocketLib\SocketLib.csproj", "{8CCF3B40-7614-4D0C-BF83-3C00903E5AC4}"
EndProject
Global
	GlobalSection(SolutionConfigurationPlatforms) = preSolution
		Debug|Any CPU = Debug|Any CPU
		Release|Any CPU = Release|Any CPU
	EndGlobalSection
	GlobalSection(ProjectConfigurationPlatforms) = postSolution
		{8CCF3B40-7614-4D0C-BF83-3C00903E5AC4}.Debug|Any CPU.ActiveCfg = Debug|Any CPU
		{8CCF3B40-7614-4D0C-BF83-3C00903E5AC4}.Debug|Any CPU.Build.0 = Debug|Any CPU
		{8CCF3B40-7614-4D0C-BF83-3C00903E5AC4}.Release|Any CPU.ActiveCfg = Release|Any CPU
		{8CCF3B40-7614-4D0C-BF83-3C00903E5AC4}.Release|Any CPU.Build.0 = Release|Any CPU
	EndGlobalSection
	GlobalSection(MonoDevelopProperties) = preSolution
		StartupItem = SocketLib\SocketLib.csproj
	EndGlobalSection
EndGlobal
